# This file is automatically @generated by Cargo.
# It is not intended for manual editing.
version = 3

[[package]]
name = "paigasus-helikon-core"
version = "0.0.0"

[[package]]
name = "paigasus-helikon-evals"
version = "0.0.0"

[[package]]
name = "paigasus-helikon-macros"
version = "0.0.0"

[[package]]
name = "paigasus-helikon-mcp"
version = "0.0.0"

[[package]]
name = "paigasus-helikon-providers-anthropic"
version = "0.0.0"

[[package]]
name = "paigasus-helikon-providers-openai"
version = "0.0.0"

[[package]]
name = "paigasus-helikon-runtime-agentcore"
version = "0.0.0"

[[package]]
name = "paigasus-helikon-runtime-axum"
version = "0.0.0"

[[package]]
name = "paigasus-helikon-runtime-temporal"
version = "0.0.0"

[[package]]
name = "paigasus-helikon-runtime-tokio"
version = "0.0.0"

[[package]]
name = "paigasus-helikon-tools"
version = "0.0.0"
